
Microsoft Visual Studio Solution File, Format Version 11.00
# Visual Studio 2010
Project("{FAE04EC0-301F-11D3-BF4B-00C04F79EFBC}") = "BiologySoftware", "BiologySoftware\BiologySoftware.csproj", "{11a19d9f-3235-4654-b518-957f85f25dc8}"
EndProject
Global
	GlobalSection(SolutionConfigurationPlatforms) = preSolution
		Debug|Any CPU = Debug|Any CPU
		Release|Any CPU = Release|Any CPU
	EndGlobalSection
	GlobalSection(ProjectConfigurationPlatforms) = postSolution
		{11A19D9F-3235-4654-B518-957F85F25DC8}.Debug|Any CPU.ActiveCfg = Debug|Any CPU
		{11A19D9F-3235-4654-B518-957F85F25DC8}.Debug|Any CPU.Build.0 = Debug|Any CPU
		{11A19D9F-3235-4654-B518-957F85F25DC8}.Release|Any CPU.ActiveCfg = Release|Any CPU
		{11A19D9F-3235-4654-B518-957F85F25DC8}.Release|Any CPU.Build.0 = Release|Any CPU
	EndGlobalSection
EndGlobal
